
Microsoft Visual Studio Solution File, Format Version 12.00
# Visual Studio 15
Project("{FAE04EC0-301F-11D3-BF4B-00C04F79EFBC}") = "Assembly-CSharp", "Assembly-CSharp.csproj", "{473FA63C-92E7-70F0-6852-63E3A81A1F80}"
EndProject
Project("{FAE04EC0-301F-11D3-BF4B-00C04F79EFBC}") = "Assembly-CSharp-Editor", "Assembly-CSharp-Editor.csproj", "{1C766503-B892-3F18-8180-ACAA548D2E79}"
EndProject
Global
	GlobalSection(SolutionConfigurationPlatforms) = preSolution
		Debug|Any CPU = Debug|Any CPU
		Release|Any CPU = Release|Any CPU
	EndGlobalSection
	GlobalSection(ProjectConfigurationPlatforms) = postSolution
		{473FA63C-92E7-70F0-6852-63E3A81A1F80}.Debug|Any CPU.ActiveCfg = Debug|Any CPU
		{473FA63C-92E7-70F0-6852-63E3A81A1F80}.Debug|Any CPU.Build.0 = Debug|Any CPU
		{473FA63C-92E7-70F0-6852-63E3A81A1F80}.Release|Any CPU.ActiveCfg = Release|Any CPU
		{473FA63C-92E7-70F0-6852-63E3A81A1F80}.Release|Any CPU.Build.0 = Release|Any CPU
		{1C766503-B892-3F18-8180-ACAA548D2E79}.Debug|Any CPU.ActiveCfg = Debug|Any CPU
		{1C766503-B892-3F18-8180-ACAA548D2E79}.Debug|Any CPU.Build.0 = Debug|Any CPU
		{1C766503-B892-3F18-8180-ACAA548D2E79}.Release|Any CPU.ActiveCfg = Release|Any CPU
		{1C766503-B892-3F18-8180-ACAA548D2E79}.Release|Any CPU.Build.0 = Release|Any CPU
	EndGlobalSection
	GlobalSection(SolutionProperties) = preSolution
		HideSolutionNode = FALSE
	EndGlobalSection
EndGlobal
